// !$*UTF8*$!
{
	archiveVersion = 1;
	classes = {
	};
	objectVersion = 46;
	objects = {

/* Begin PBXBuildFile section */
		07044FD215D4FC0400BD39A0 /* NSString+URLEncode.m in Sources */ = {isa = PBXBuildFile; fileRef = 07044FD115D4FC0400BD39A0 /* NSString+URLEncode.m */; };
		071C3B6F15AD5CDC00E103A7 /* FeedsTableViewController2.m in Sources */ = {isa = PBXBuildFile; fileRef = 071C3B6E15AD5CDC00E103A7 /* FeedsTableViewController2.m */; };
		071C3B7215AD5D2F00E103A7 /* FeedsTableViewController1.m in Sources */ = {isa = PBXBuildFile; fileRef = 071C3B7115AD5D2F00E103A7 /* FeedsTableViewController1.m */; };
		071C3B7515AD5D5E00E103A7 /* FeedsTableViewController3.m in Sources */ = {isa = PBXBuildFile; fileRef = 071C3B7415AD5D5E00E103A7 /* FeedsTableViewController3.m */; };
		072AFFEC15B666E900EB5AAC /* 120717-TabIconFire.png in Resources */ = {isa = PBXBuildFile; fileRef = 072AFFEA15B666E900EB5AAC /* 120717-TabIconFire.png */; };
		072AFFED15B666E900EB5AAC /* 120717-TabIconFire@2x.png in Resources */ = {isa = PBXBuildFile; fileRef = 072AFFEB15B666E900EB5AAC /* 120717-TabIconFire@2x.png */; };
		072AFFF215B668A200EB5AAC /* 120717-TabIconHeart.png in Resources */ = {isa = PBXBuildFile; fileRef = 072AFFEE15B668A200EB5AAC /* 120717-TabIconHeart.png */; };
		072AFFF315B668A200EB5AAC /* 120717-TabIconHeart@2x.png in Resources */ = {isa = PBXBuildFile; fileRef = 072AFFEF15B668A200EB5AAC /* 120717-TabIconHeart@2x.png */; };
		072AFFF415B668A200EB5AAC /* 120717-TabIconRiver.png in Resources */ = {isa = PBXBuildFile; fileRef = 072AFFF015B668A200EB5AAC /* 120717-TabIconRiver.png */; };
		072AFFF515B668A200EB5AAC /* 120717-TabIconRiver@2x.png in Resources */ = {isa = PBXBuildFile; fileRef = 072AFFF115B668A200EB5AAC /* 120717-TabIconRiver@2x.png */; };
		0788649A15B96CEC00FF98A5 /* Default.png in Resources */ = {isa = PBXBuildFile; fileRef = 0788649915B96CEC00FF98A5 /* Default.png */; };
		0788649D15B96CF000FF98A5 /* Default@2x.png in Resources */ = {isa = PBXBuildFile; fileRef = 0788649C15B96CF000FF98A5 /* Default@2x.png */; };
		0788649F15B96CF700FF98A5 /* 120717-AppIcon72x72.png in Resources */ = {isa = PBXBuildFile; fileRef = 0788649E15B96CF700FF98A5 /* 120717-AppIcon72x72.png */; };
		078864A115B96CFD00FF98A5 /* 120717-AppIcon144x144.png in Resources */ = {isa = PBXBuildFile; fileRef = 078864A015B96CFD00FF98A5 /* 120717-AppIcon144x144.png */; };
		078864A315B96D0600FF98A5 /* Default-Portrait~ipad.png in Resources */ = {isa = PBXBuildFile; fileRef = 078864A215B96D0600FF98A5 /* Default-Portrait~ipad.png */; };
		078864A515B96D0A00FF98A5 /* Default-Portrait@2x~ipad.png in Resources */ = {isa = PBXBuildFile; fileRef = 078864A415B96D0A00FF98A5 /* Default-Portrait@2x~ipad.png */; };
		078864A715B96D2000FF98A5 /* Default-Landscape~ipad.png in Resources */ = {isa = PBXBuildFile; fileRef = 078864A615B96D2000FF98A5 /* Default-Landscape~ipad.png */; };
		078864A915B96D2300FF98A5 /* Default-Landscape@2x~ipad.png in Resources */ = {isa = PBXBuildFile; fileRef = 078864A815B96D2300FF98A5 /* Default-Landscape@2x~ipad.png */; };
		0790B35E15AD2E8C00E65245 /* SettingViewController.m in Sources */ = {isa = PBXBuildFile; fileRef = 0790B35D15AD2E8C00E65245 /* SettingViewController.m */; };
		07957F3015C8215D00C5D33F /* iAd.framework in Frameworks */ = {isa = PBXBuildFile; fileRef = 07957F2F15C8215D00C5D33F /* iAd.framework */; };
		07957F3215C8261C00C5D33F /* main.m in Sources */ = {isa = PBXBuildFile; fileRef = 07957F3415C8261C00C5D33F /* main.m */; };
		0797E36515C9097400DA3AFD /* NSString+Encode.m in Sources */ = {isa = PBXBuildFile; fileRef = 0797E36215C9097400DA3AFD /* NSString+Encode.m */; };
		0797E37115C9136F00DA3AFD /* UIImage+OgImage.m in Sources */ = {isa = PBXBuildFile; fileRef = 0797E37015C9136F00DA3AFD /* UIImage+OgImage.m */; };
		0797E37C15C91AEF00DA3AFD /* NSURL+OgImage.m in Sources */ = {isa = PBXBuildFile; fileRef = 0797E37B15C91AEE00DA3AFD /* NSURL+OgImage.m */; };
		07AF758A15BD142100B6EF3E /* AFHTTPClient.m in Sources */ = {isa = PBXBuildFile; fileRef = 07AF757615BD142100B6EF3E /* AFHTTPClient.m */; settings = {COMPILER_FLAGS = "-fno-objc-arc"; }; };
		07AF758B15BD142100B6EF3E /* AFHTTPRequestOperation.m in Sources */ = {isa = PBXBuildFile; fileRef = 07AF757815BD142100B6EF3E /* AFHTTPRequestOperation.m */; settings = {COMPILER_FLAGS = "-fno-objc-arc"; }; };
		07AF758C15BD142100B6EF3E /* AFImageRequestOperation.m in Sources */ = {isa = PBXBuildFile; fileRef = 07AF757A15BD142100B6EF3E /* AFImageRequestOperation.m */; settings = {COMPILER_FLAGS = "-fno-objc-arc"; }; };
		07AF758D15BD142100B6EF3E /* AFJSONRequestOperation.m in Sources */ = {isa = PBXBuildFile; fileRef = 07AF757C15BD142100B6EF3E /* AFJSONRequestOperation.m */; settings = {COMPILER_FLAGS = "-fno-objc-arc"; }; };
		07AF758E15BD142100B6EF3E /* AFJSONUtilities.m in Sources */ = {isa = PBXBuildFile; fileRef = 07AF757E15BD142100B6EF3E /* AFJSONUtilities.m */; settings = {COMPILER_FLAGS = "-fno-objc-arc"; }; };
		07AF758F15BD142100B6EF3E /* AFNetworkActivityIndicatorManager.m in Sources */ = {isa = PBXBuildFile; fileRef = 07AF758015BD142100B6EF3E /* AFNetworkActivityIndicatorManager.m */; settings = {COMPILER_FLAGS = "-fno-objc-arc"; }; };
		07AF759015BD142100B6EF3E /* AFPropertyListRequestOperation.m in Sources */ = {isa = PBXBuildFile; fileRef = 07AF758315BD142100B6EF3E /* AFPropertyListRequestOperation.m */; settings = {COMPILER_FLAGS = "-fno-objc-arc"; }; };
		07AF759115BD142100B6EF3E /* AFURLConnectionOperation.m in Sources */ = {isa = PBXBuildFile; fileRef = 07AF758515BD142100B6EF3E /* AFURLConnectionOperation.m */; settings = {COMPILER_FLAGS = "-fno-objc-arc"; }; };
		07AF759215BD142100B6EF3E /* AFXMLRequestOperation.m in Sources */ = {isa = PBXBuildFile; fileRef = 07AF758715BD142100B6EF3E /* AFXMLRequestOperation.m */; settings = {COMPILER_FLAGS = "-fno-objc-arc"; }; };
		07AF759315BD142100B6EF3E /* UIImageView+AFNetworking.m in Sources */ = {isa = PBXBuildFile; fileRef = 07AF758915BD142100B6EF3E /* UIImageView+AFNetworking.m */; settings = {COMPILER_FLAGS = "-fno-objc-arc"; }; };
		07AF759715BD1DC600B6EF3E /* loading3.gif in Resources */ = {isa = PBXBuildFile; fileRef = 07AF759615BD1DC600B6EF3E /* loading3.gif */; };
		07C27AF215ACCB3800DC94AB /* UIKit.framework in Frameworks */ = {isa = PBXBuildFile; fileRef = 07C27AF115ACCB3800DC94AB /* UIKit.framework */; };
		07C27AF415ACCB3800DC94AB /* Foundation.framework in Frameworks */ = {isa = PBXBuildFile; fileRef = 07C27AF315ACCB3800DC94AB /* Foundation.framework */; };
		07C27AF615ACCB3800DC94AB /* CoreGraphics.framework in Frameworks */ = {isa = PBXBuildFile; fileRef = 07C27AF515ACCB3800DC94AB /* CoreGraphics.framework */; };
		07C27AFC15ACCB3800DC94AB /* InfoPlist.strings in Resources */ = {isa = PBXBuildFile; fileRef = 07C27AFA15ACCB3800DC94AB /* InfoPlist.strings */; };
		07C27B0215ACCB3800DC94AB /* AppDelegate.m in Sources */ = {isa = PBXBuildFile; fileRef = 07C27B0115ACCB3800DC94AB /* AppDelegate.m */; };
		07C27B0515ACCB3800DC94AB /* MainStoryboard.storyboard in Resources */ = {isa = PBXBuildFile; fileRef = 07C27B0315ACCB3800DC94AB /* MainStoryboard.storyboard */; };
		07C27B2215ACCBDD00DC94AB /* RSSEntry.m in Sources */ = {isa = PBXBuildFile; fileRef = 07C27B1B15ACCBDD00DC94AB /* RSSEntry.m */; };
		07C27B2315ACCBDD00DC94AB /* RSSParser.m in Sources */ = {isa = PBXBuildFile; fileRef = 07C27B1D15ACCBDD00DC94AB /* RSSParser.m */; };
		07C27B2815ACCCB100DC94AB /* FeedsTableViewController.m in Sources */ = {isa = PBXBuildFile; fileRef = 07C27B2715ACCCB100DC94AB /* FeedsTableViewController.m */; };
		07C27B2C15ACFEE700DC94AB /* WebViewController.m in Sources */ = {isa = PBXBuildFile; fileRef = 07C27B2B15ACFEE700DC94AB /* WebViewController.m */; };
		07CAF5E115D7D4BB00C3DFFE /* noImage2@2x.png in Resources */ = {isa = PBXBuildFile; fileRef = 07CAF5DF15D7D4BB00C3DFFE /* noImage2@2x.png */; };
		07CAF5E215D7D4BB00C3DFFE /* noImage2.png in Resources */ = {isa = PBXBuildFile; fileRef = 07CAF5E015D7D4BB00C3DFFE /* noImage2.png */; };
		07DFEEFC15C6789F00505832 /* UIImage+GIF.m in Sources */ = {isa = PBXBuildFile; fileRef = 07DFEEFB15C6789F00505832 /* UIImage+GIF.m */; settings = {COMPILER_FLAGS = "-fno-objc-arc"; }; };
		07DFEEFF15C678C900505832 /* ImageIO.framework in Frameworks */ = {isa = PBXBuildFile; fileRef = 07DFEEFE15C678C900505832 /* ImageIO.framework */; };
		07E55A8515BAB133002AEAD1 /* NavigationViewController2.m in Sources */ = {isa = PBXBuildFile; fileRef = 07E55A8415BAB133002AEAD1 /* NavigationViewController2.m */; };
		07E55A8815BAB250002AEAD1 /* NavigationViewController3.m in Sources */ = {isa = PBXBuildFile; fileRef = 07E55A8715BAB250002AEAD1 /* NavigationViewController3.m */; };
		07E55A8B15BAB2EA002AEAD1 /* NavigationViewController1.m in Sources */ = {isa = PBXBuildFile; fileRef = 07E55A8A15BAB2EA002AEAD1 /* NavigationViewController1.m */; };
		07F15C9015B654E900836BD5 /* 120717-AppIcon57x57.png in Resources */ = {isa = PBXBuildFile; fileRef = 07F15C8E15B654E900836BD5 /* 120717-AppIcon57x57.png */; };
		07F15C9115B654E900836BD5 /* 120717-AppIcon114x114.png in Resources */ = {isa = PBXBuildFile; fileRef = 07F15C8F15B654E900836BD5 /* 120717-AppIcon114x114.png */; };
		07F9FBED15C506200050014A /* noImage.png in Resources */ = {isa = PBXBuildFile; fileRef = 07F9FBEC15C506200050014A /* noImage.png */; };
		07F9FBEF15C5062C0050014A /* noImage@2x.png in Resources */ = {isa = PBXBuildFile; fileRef = 07F9FBEE15C5062C0050014A /* noImage@2x.png */; };
/* End PBXBuildFile section */

/* Begin PBXFileReference section */
		07044FC915D4ECC300BD39A0 /* CoreFoundation.framework */ = {isa = PBXFileReference; lastKnownFileType = wrapper.framework; name = CoreFoundation.framework; path = System/Library/Frameworks/CoreFoundation.framework; sourceTree = SDKROOT; };
		07044FD015D4FC0400BD39A0 /* NSString+URLEncode.h */ = {isa = PBXFileReference; fileEncoding = 4; lastKnownFileType = sourcecode.c.h; path = "NSString+URLEncode.h"; sourceTree = "<group>"; };
		07044FD115D4FC0400BD39A0 /* NSString+URLEncode.m */ = {isa = PBXFileReference; fileEncoding = 4; lastKnownFileType = sourcecode.c.objc; path = "NSString+URLEncode.m"; sourceTree = "<group>"; };
		071C3B6E15AD5CDC00E103A7 /* FeedsTableViewController2.m */ = {isa = PBXFileReference; fileEncoding = 4; lastKnownFileType = sourcecode.c.objc; path = FeedsTableViewController2.m; sourceTree = "<group>"; };
		071C3B7115AD5D2F00E103A7 /* FeedsTableViewController1.m */ = {isa = PBXFileReference; fileEncoding = 4; lastKnownFileType = sourcecode.c.objc; path = FeedsTableViewController1.m; sourceTree = "<group>"; };
		071C3B7415AD5D5E00E103A7 /* FeedsTableViewController3.m */ = {isa = PBXFileReference; fileEncoding = 4; lastKnownFileType = sourcecode.c.objc; path = FeedsTableViewController3.m; sourceTree = "<group>"; };
		072AFFEA15B666E900EB5AAC /* 120717-TabIconFire.png */ = {isa = PBXFileReference; lastKnownFileType = image.png; path = "120717-TabIconFire.png"; sourceTree = "<group>"; };
		072AFFEB15B666E900EB5AAC /* 120717-TabIconFire@2x.png */ = {isa = PBXFileReference; lastKnownFileType = image.png; path = "120717-TabIconFire@2x.png"; sourceTree = "<group>"; };
		072AFFEE15B668A200EB5AAC /* 120717-TabIconHeart.png */ = {isa = PBXFileReference; lastKnownFileType = image.png; path = "120717-TabIconHeart.png"; sourceTree = "<group>"; };
		072AFFEF15B668A200EB5AAC /* 120717-TabIconHeart@2x.png */ = {isa = PBXFileReference; lastKnownFileType = image.png; path = "120717-TabIconHeart@2x.png"; sourceTree = "<group>"; };
		072AFFF015B668A200EB5AAC /* 120717-TabIconRiver.png */ = {isa = PBXFileReference; lastKnownFileType = image.png; path = "120717-TabIconRiver.png"; sourceTree = "<group>"; };
		072AFFF115B668A200EB5AAC /* 120717-TabIconRiver@2x.png */ = {isa = PBXFileReference; lastKnownFileType = image.png; path = "120717-TabIconRiver@2x.png"; sourceTree = "<group>"; };
		07771DBF15B966EE0040B0C1 /* ja */ = {isa = PBXFileReference; lastKnownFileType = text.plist.strings; name = ja; path = "/Users/weed/Dropbox/recent_private_doc/Xcode Projects/p120711_TechMovie/TechMovie/ja.lproj/InfoPlist.strings"; sourceTree = "<absolute>"; };
		0788649915B96CEC00FF98A5 /* Default.png */ = {isa = PBXFileReference; lastKnownFileType = image.png; name = Default.png; path = ../Default.png; sourceTree = "<group>"; };
		0788649C15B96CF000FF98A5 /* Default@2x.png */ = {isa = PBXFileReference; lastKnownFileType = image.png; name = "Default@2x.png"; path = "../Default@2x.png"; sourceTree = "<group>"; };
		0788649E15B96CF700FF98A5 /* 120717-AppIcon72x72.png */ = {isa = PBXFileReference; lastKnownFileType = image.png; name = "120717-AppIcon72x72.png"; path = "../120717-AppIcon72x72.png"; sourceTree = "<group>"; };
		078864A015B96CFD00FF98A5 /* 120717-AppIcon144x144.png */ = {isa = PBXFileReference; lastKnownFileType = image.png; name = "120717-AppIcon144x144.png"; path = "../120717-AppIcon144x144.png"; sourceTree = "<group>"; };
		078864A215B96D0600FF98A5 /* Default-Portrait~ipad.png */ = {isa = PBXFileReference; lastKnownFileType = image.png; name = "Default-Portrait~ipad.png"; path = "../Default-Portrait~ipad.png"; sourceTree = "<group>"; };
		078864A415B96D0A00FF98A5 /* Default-Portrait@2x~ipad.png */ = {isa = PBXFileReference; lastKnownFileType = image.png; name = "Default-Portrait@2x~ipad.png"; path = "../Default-Portrait@2x~ipad.png"; sourceTree = "<group>"; };
		078864A615B96D2000FF98A5 /* Default-Landscape~ipad.png */ = {isa = PBXFileReference; lastKnownFileType = image.png; name = "Default-Landscape~ipad.png"; path = "../Default-Landscape~ipad.png"; sourceTree = "<group>"; };
		078864A815B96D2300FF98A5 /* Default-Landscape@2x~ipad.png */ = {isa = PBXFileReference; lastKnownFileType = image.png; name = "Default-Landscape@2x~ipad.png"; path = "../Default-Landscape@2x~ipad.png"; sourceTree = "<group>"; };
		0790B35C15AD2E8C00E65245 /* SettingViewController.h */ = {isa = PBXFileReference; fileEncoding = 4; lastKnownFileType = sourcecode.c.h; path = SettingViewController.h; sourceTree = "<group>"; };
		0790B35D15AD2E8C00E65245 /* SettingViewController.m */ = {isa = PBXFileReference; fileEncoding = 4; lastKnownFileType = sourcecode.c.objc; path = SettingViewController.m; sourceTree = "<group>"; };
		07957F2F15C8215D00C5D33F /* iAd.framework */ = {isa = PBXFileReference; lastKnownFileType = wrapper.framework; name = iAd.framework; path = System/Library/Frameworks/iAd.framework; sourceTree = SDKROOT; };
		07957F3315C8261C00C5D33F /* en */ = {isa = PBXFileReference; lastKnownFileType = sourcecode.c.objc; name = en; path = en.lproj/main.m; sourceTree = "<group>"; };
		0797E36115C9097400DA3AFD /* NSString+Encode.h */ = {isa = PBXFileReference; fileEncoding = 4; lastKnownFileType = sourcecode.c.h; path = "NSString+Encode.h"; sourceTree = "<group>"; };
		0797E36215C9097400DA3AFD /* NSString+Encode.m */ = {isa = PBXFileReference; fileEncoding = 4; lastKnownFileType = sourcecode.c.objc; path = "NSString+Encode.m"; sourceTree = "<group>"; };
		0797E36F15C9136F00DA3AFD /* UIImage+OgImage.h */ = {isa = PBXFileReference; fileEncoding = 4; lastKnownFileType = sourcecode.c.h; path = "UIImage+OgImage.h"; sourceTree = "<group>"; };
		0797E37015C9136F00DA3AFD /* UIImage+OgImage.m */ = {isa = PBXFileReference; fileEncoding = 4; lastKnownFileType = sourcecode.c.objc; path = "UIImage+OgImage.m"; sourceTree = "<group>"; };
		0797E37A15C91AEE00DA3AFD /* NSURL+OgImage.h */ = {isa = PBXFileReference; fileEncoding = 4; lastKnownFileType = sourcecode.c.h; path = "NSURL+OgImage.h"; sourceTree = "<group>"; };
		0797E37B15C91AEE00DA3AFD /* NSURL+OgImage.m */ = {isa = PBXFileReference; fileEncoding = 4; lastKnownFileType = sourcecode.c.objc; path = "NSURL+OgImage.m"; sourceTree = "<group>"; };
		07AF757515BD142100B6EF3E /* AFHTTPClient.h */ = {isa = PBXFileReference; fileEncoding = 4; lastKnownFileType = sourcecode.c.h; path = AFHTTPClient.h; sourceTree = "<group>"; };
		07AF757615BD142100B6EF3E /* AFHTTPClient.m */ = {isa = PBXFileReference; fileEncoding = 4; lastKnownFileType = sourcecode.c.objc; path = AFHTTPClient.m; sourceTree = "<group>"; };
		07AF757715BD142100B6EF3E /* AFHTTPRequestOperation.h */ = {isa = PBXFileReference; fileEncoding = 4; lastKnownFileType = sourcecode.c.h; path = AFHTTPRequestOperation.h; sourceTree = "<group>"; };
		07AF757815BD142100B6EF3E /* AFHTTPRequestOperation.m */ = {isa = PBXFileReference; fileEncoding = 4; lastKnownFileType = sourcecode.c.objc; path = AFHTTPRequestOperation.m; sourceTree = "<group>"; };
		07AF757915BD142100B6EF3E /* AFImageRequestOperation.h */ = {isa = PBXFileReference; fileEncoding = 4; lastKnownFileType = sourcecode.c.h; path = AFImageRequestOperation.h; sourceTree = "<group>"; };
		07AF757A15BD142100B6EF3E /* AFImageRequestOperation.m */ = {isa = PBXFileReference; fileEncoding = 4; lastKnownFileType = sourcecode.c.objc; path = AFImageRequestOperation.m; sourceTree = "<group>"; };
		07AF757B15BD142100B6EF3E /* AFJSONRequestOperation.h */ = {isa = PBXFileReference; fileEncoding = 4; lastKnownFileType = sourcecode.c.h; path = AFJSONRequestOperation.h; sourceTree = "<group>"; };
		07AF757C15BD142100B6EF3E /* AFJSONRequestOperation.m */ = {isa = PBXFileReference; fileEncoding = 4; lastKnownFileType = sourcecode.c.objc; path = AFJSONRequestOperation.m; sourceTree = "<group>"; };
		07AF757D15BD142100B6EF3E /* AFJSONUtilities.h */ = {isa = PBXFileReference; fileEncoding = 4; lastKnownFileType = sourcecode.c.h; path = AFJSONUtilities.h; sourceTree = "<group>"; };
		07AF757E15BD142100B6EF3E /* AFJSONUtilities.m */ = {isa = PBXFileReference; fileEncoding = 4; lastKnownFileType = sourcecode.c.objc; path = AFJSONUtilities.m; sourceTree = "<group>"; };
		07AF757F15BD142100B6EF3E /* AFNetworkActivityIndicatorManager.h */ = {isa = PBXFileReference; fileEncoding = 4; lastKnownFileType = sourcecode.c.h; path = AFNetworkActivityIndicatorManager.h; sourceTree = "<group>"; };
		07AF758015BD142100B6EF3E /* AFNetworkActivityIndicatorManager.m */ = {isa = PBXFileReference; fileEncoding = 4; lastKnownFileType = sourcecode.c.objc; path = AFNetworkActivityIndicatorManager.m; sourceTree = "<group>"; };
		07AF758115BD142100B6EF3E /* AFNetworking.h */ = {isa = PBXFileReference; fileEncoding = 4; lastKnownFileType = sourcecode.c.h; path = AFNetworking.h; sourceTree = "<group>"; };
		07AF758215BD142100B6EF3E /* AFPropertyListRequestOperation.h */ = {isa = PBXFileReference; fileEncoding = 4; lastKnownFileType = sourcecode.c.h; path = AFPropertyListRequestOperation.h; sourceTree = "<group>"; };
		07AF758315BD142100B6EF3E /* AFPropertyListRequestOperation.m */ = {isa = PBXFileReference; fileEncoding = 4; lastKnownFileType = sourcecode.c.objc; path = AFPropertyListRequestOperation.m; sourceTree = "<group>"; };
		07AF758415BD142100B6EF3E /* AFURLConnectionOperation.h */ = {isa = PBXFileReference; fileEncoding = 4; lastKnownFileType = sourcecode.c.h; path = AFURLConnectionOperation.h; sourceTree = "<group>"; };
		07AF758515BD142100B6EF3E /* AFURLConnectionOperation.m */ = {isa = PBXFileReference; fileEncoding = 4; lastKnownFileType = sourcecode.c.objc; path = AFURLConnectionOperation.m; sourceTree = "<group>"; };
		07AF758615BD142100B6EF3E /* AFXMLRequestOperation.h */ = {isa = PBXFileReference; fileEncoding = 4; lastKnownFileType = sourcecode.c.h; path = AFXMLRequestOperation.h; sourceTree = "<group>"; };
		07AF758715BD142100B6EF3E /* AFXMLRequestOperation.m */ = {isa = PBXFileReference; fileEncoding = 4; lastKnownFileType = sourcecode.c.objc; path = AFXMLRequestOperation.m; sourceTree = "<group>"; };
		07AF758815BD142100B6EF3E /* UIImageView+AFNetworking.h */ = {isa = PBXFileReference; fileEncoding = 4; lastKnownFileType = sourcecode.c.h; path = "UIImageView+AFNetworking.h"; sourceTree = "<group>"; };
		07AF758915BD142100B6EF3E /* UIImageView+AFNetworking.m */ = {isa = PBXFileReference; fileEncoding = 4; lastKnownFileType = sourcecode.c.objc; path = "UIImageView+AFNetworking.m"; sourceTree = "<group>"; };
		07AF759615BD1DC600B6EF3E /* loading3.gif */ = {isa = PBXFileReference; lastKnownFileType = image.gif; path = loading3.gif; sourceTree = "<group>"; };
		07C27AED15ACCB3800DC94AB /* TechMovie.app */ = {isa = PBXFileReference; explicitFileType = wrapper.application; includeInIndex = 0; path = TechMovie.app; sourceTree = BUILT_PRODUCTS_DIR; };
		07C27AF115ACCB3800DC94AB /* UIKit.framework */ = {isa = PBXFileReference; lastKnownFileType = wrapper.framework; name = UIKit.framework; path = System/Library/Frameworks/UIKit.framework; sourceTree = SDKROOT; };
		07C27AF315ACCB3800DC94AB /* Foundation.framework */ = {isa = PBXFileReference; lastKnownFileType = wrapper.framework; name = Foundation.framework; path = System/Library/Frameworks/Foundation.framework; sourceTree = SDKROOT; };
		07C27AF515ACCB3800DC94AB /* CoreGraphics.framework */ = {isa = PBXFileReference; lastKnownFileType = wrapper.framework; name = CoreGraphics.framework; path = System/Library/Frameworks/CoreGraphics.framework; sourceTree = SDKROOT; };
		07C27AF915ACCB3800DC94AB /* TechMovie-Info.plist */ = {isa = PBXFileReference; lastKnownFileType = text.plist.xml; path = "TechMovie-Info.plist"; sourceTree = "<group>"; };
		07C27AFF15ACCB3800DC94AB /* TechMovie-Prefix.pch */ = {isa = PBXFileReference; lastKnownFileType = sourcecode.c.h; path = "TechMovie-Prefix.pch"; sourceTree = "<group>"; };
		07C27B0015ACCB3800DC94AB /* AppDelegate.h */ = {isa = PBXFileReference; lastKnownFileType = sourcecode.c.h; path = AppDelegate.h; sourceTree = "<group>"; };
		07C27B0115ACCB3800DC94AB /* AppDelegate.m */ = {isa = PBXFileReference; lastKnownFileType = sourcecode.c.objc; path = AppDelegate.m; sourceTree = "<group>"; };
		07C27B1A15ACCBDD00DC94AB /* RSSEntry.h */ = {isa = PBXFileReference; fileEncoding = 4; lastKnownFileType = sourcecode.c.h; name = RSSEntry.h; path = TechMovie/RSSEntry.h; sourceTree = "<group>"; };
		07C27B1B15ACCBDD00DC94AB /* RSSEntry.m */ = {isa = PBXFileReference; fileEncoding = 4; lastKnownFileType = sourcecode.c.objc; name = RSSEntry.m; path = TechMovie/RSSEntry.m; sourceTree = "<group>"; };
		07C27B1C15ACCBDD00DC94AB /* RSSParser.h */ = {isa = PBXFileReference; fileEncoding = 4; lastKnownFileType = sourcecode.c.h; name = RSSParser.h; path = TechMovie/RSSParser.h; sourceTree = "<group>"; };
		07C27B1D15ACCBDD00DC94AB /* RSSParser.m */ = {isa = PBXFileReference; fileEncoding = 4; lastKnownFileType = sourcecode.c.objc; name = RSSParser.m; path = TechMovie/RSSParser.m; sourceTree = "<group>"; };
		07C27B2615ACCCB100DC94AB /* FeedsTableViewController.h */ = {isa = PBXFileReference; fileEncoding = 4; lastKnownFileType = sourcecode.c.h; path = FeedsTableViewController.h; sourceTree = "<group>"; };
		07C27B2715ACCCB100DC94AB /* FeedsTableViewController.m */ = {isa = PBXFileReference; fileEncoding = 4; lastKnownFileType = sourcecode.c.objc; path = FeedsTableViewController.m; sourceTree = "<group>"; };
		07C27B2A15ACFEE700DC94AB /* WebViewController.h */ = {isa = PBXFileReference; fileEncoding = 4; lastKnownFileType = sourcecode.c.h; path = WebViewController.h; sourceTree = "<group>"; };
		07C27B2B15ACFEE700DC94AB /* WebViewController.m */ = {isa = PBXFileReference; fileEncoding = 4; lastKnownFileType = sourcecode.c.objc; path = WebViewController.m; sourceTree = "<group>"; };
		07CAF5DF15D7D4BB00C3DFFE /* noImage2@2x.png */ = {isa = PBXFileReference; lastKnownFileType = image.png; path = "noImage2@2x.png"; sourceTree = "<group>"; };
		07CAF5E015D7D4BB00C3DFFE /* noImage2.png */ = {isa = PBXFileReference; lastKnownFileType = image.png; path = noImage2.png; sourceTree = "<group>"; };
		07DFEEFA15C6789F00505832 /* UIImage+GIF.h */ = {isa = PBXFileReference; fileEncoding = 4; lastKnownFileType = sourcecode.c.h; path = "UIImage+GIF.h"; sourceTree = "<group>"; };
		07DFEEFB15C6789F00505832 /* UIImage+GIF.m */ = {isa = PBXFileReference; fileEncoding = 4; lastKnownFileType = sourcecode.c.objc; path = "UIImage+GIF.m"; sourceTree = "<group>"; };
		07DFEEFE15C678C900505832 /* ImageIO.framework */ = {isa = PBXFileReference; lastKnownFileType = wrapper.framework; name = ImageIO.framework; path = System/Library/Frameworks/ImageIO.framework; sourceTree = SDKROOT; };
		07E55A8415BAB133002AEAD1 /* NavigationViewController2.m */ = {isa = PBXFileReference; fileEncoding = 4; lastKnownFileType = sourcecode.c.objc; path = NavigationViewController2.m; sourceTree = "<group>"; };
		07E55A8715BAB250002AEAD1 /* NavigationViewController3.m */ = {isa = PBXFileReference; fileEncoding = 4; lastKnownFileType = sourcecode.c.objc; path = NavigationViewController3.m; sourceTree = "<group>"; };
		07E55A8A15BAB2EA002AEAD1 /* NavigationViewController1.m */ = {isa = PBXFileReference; fileEncoding = 4; lastKnownFileType = sourcecode.c.objc; path = NavigationViewController1.m; sourceTree = "<group>"; };
		07EF0F4415CD090A009E64D8 /* ja */ = {isa = PBXFileReference; lastKnownFileType = file.storyboard; name = ja; path = ja.lproj/MainStoryboard.storyboard; sourceTree = "<group>"; };
		07F15C8E15B654E900836BD5 /* 120717-AppIcon57x57.png */ = {isa = PBXFileReference; lastKnownFileType = image.png; name = "120717-AppIcon57x57.png"; path = "../120717-AppIcon57x57.png"; sourceTree = "<group>"; };
		07F15C8F15B654E900836BD5 /* 120717-AppIcon114x114.png */ = {isa = PBXFileReference; lastKnownFileType = image.png; name = "120717-AppIcon114x114.png"; path = "../120717-AppIcon114x114.png"; sourceTree = "<group>"; };
		07F9FBEC15C506200050014A /* noImage.png */ = {isa = PBXFileReference; lastKnownFileType = image.png; path = noImage.png; sourceTree = "<group>"; };
		07F9FBEE15C5062C0050014A /* noImage@2x.png */ = {isa = PBXFileReference; lastKnownFileType = image.png; path = "noImage@2x.png"; sourceTree = "<group>"; };
		07F9FC0415C662500050014A /* en */ = {isa = PBXFileReference; lastKnownFileType = file.storyboard; name = en; path = en.lproj/MainStoryboard.storyboard; sourceTree = "<group>"; };
/* End PBXFileReference section */

/* Begin PBXFrameworksBuildPhase section */
		07C27AEA15ACCB3800DC94AB /* Frameworks */ = {
			isa = PBXFrameworksBuildPhase;
			buildActionMask = 2147483647;
			files = (
				07957F3015C8215D00C5D33F /* iAd.framework in Frameworks */,
				07DFEEFF15C678C900505832 /* ImageIO.framework in Frameworks */,
				07C27AF215ACCB3800DC94AB /* UIKit.framework in Frameworks */,
				07C27AF415ACCB3800DC94AB /* Foundation.framework in Frameworks */,
				07C27AF615ACCB3800DC94AB /* CoreGraphics.framework in Frameworks */,
			);
			runOnlyForDeploymentPostprocessing = 0;
		};
/* End PBXFrameworksBuildPhase section */

/* Begin PBXGroup section */
		07AF757415BD142100B6EF3E /* AFNetworking */ = {
			isa = PBXGroup;
			children = (
				07AF757515BD142100B6EF3E /* AFHTTPClient.h */,
				07AF757615BD142100B6EF3E /* AFHTTPClient.m */,
				07AF757715BD142100B6EF3E /* AFHTTPRequestOperation.h */,
				07AF757815BD142100B6EF3E /* AFHTTPRequestOperation.m */,
				07AF757915BD142100B6EF3E /* AFImageRequestOperation.h */,
				07AF757A15BD142100B6EF3E /* AFImageRequestOperation.m */,
				07AF757B15BD142100B6EF3E /* AFJSONRequestOperation.h */,
				07AF757C15BD142100B6EF3E /* AFJSONRequestOperation.m */,
				07AF757D15BD142100B6EF3E /* AFJSONUtilities.h */,
				07AF757E15BD142100B6EF3E /* AFJSONUtilities.m */,
				07AF757F15BD142100B6EF3E /* AFNetworkActivityIndicatorManager.h */,
				07AF758015BD142100B6EF3E /* AFNetworkActivityIndicatorManager.m */,
				07AF758115BD142100B6EF3E /* AFNetworking.h */,
				07AF758215BD142100B6EF3E /* AFPropertyListRequestOperation.h */,
				07AF758315BD142100B6EF3E /* AFPropertyListRequestOperation.m */,
				07AF758415BD142100B6EF3E /* AFURLConnectionOperation.h */,
				07AF758515BD142100B6EF3E /* AFURLConnectionOperation.m */,
				07AF758615BD142100B6EF3E /* AFXMLRequestOperation.h */,
				07AF758715BD142100B6EF3E /* AFXMLRequestOperation.m */,
				07AF758815BD142100B6EF3E /* UIImageView+AFNetworking.h */,
				07AF758915BD142100B6EF3E /* UIImageView+AFNetworking.m */,
			);
			path = AFNetworking;
			sourceTree = "<group>";
		};
		07C27AE215ACCB3800DC94AB = {
			isa = PBXGroup;
			children = (
				07AF757415BD142100B6EF3E /* AFNetworking */,
				07C27B2915ACF35800DC94AB /* OldSources */,
				07C27AF715ACCB3800DC94AB /* TechMovie */,
				07C27AF015ACCB3800DC94AB /* Frameworks */,
				07C27AEE15ACCB3800DC94AB /* Products */,
			);
			sourceTree = "<group>";
		};
		07C27AEE15ACCB3800DC94AB /* Products */ = {
			isa = PBXGroup;
			children = (
				07C27AED15ACCB3800DC94AB /* TechMovie.app */,
			);
			name = Products;
			sourceTree = "<group>";
		};
		07C27AF015ACCB3800DC94AB /* Frameworks */ = {
			isa = PBXGroup;
			children = (
				07044FC915D4ECC300BD39A0 /* CoreFoundation.framework */,
				07957F2F15C8215D00C5D33F /* iAd.framework */,
				07DFEEFE15C678C900505832 /* ImageIO.framework */,
				07C27AF115ACCB3800DC94AB /* UIKit.framework */,
				07C27AF315ACCB3800DC94AB /* Foundation.framework */,
				07C27AF515ACCB3800DC94AB /* CoreGraphics.framework */,
			);
			name = Frameworks;
			sourceTree = "<group>";
		};
		07C27AF715ACCB3800DC94AB /* TechMovie */ = {
			isa = PBXGroup;
			children = (
				07044FD015D4FC0400BD39A0 /* NSString+URLEncode.h */,
				07044FD115D4FC0400BD39A0 /* NSString+URLEncode.m */,
				0797E37A15C91AEE00DA3AFD /* NSURL+OgImage.h */,
				0797E37B15C91AEE00DA3AFD /* NSURL+OgImage.m */,
				0797E36F15C9136F00DA3AFD /* UIImage+OgImage.h */,
				0797E37015C9136F00DA3AFD /* UIImage+OgImage.m */,
				0797E36115C9097400DA3AFD /* NSString+Encode.h */,
				0797E36215C9097400DA3AFD /* NSString+Encode.m */,
				07DFEEFA15C6789F00505832 /* UIImage+GIF.h */,
				07DFEEFB15C6789F00505832 /* UIImage+GIF.m */,
				07C27B0015ACCB3800DC94AB /* AppDelegate.h */,
				07C27B0115ACCB3800DC94AB /* AppDelegate.m */,
				07C27B0315ACCB3800DC94AB /* MainStoryboard.storyboard */,
				07C27B2615ACCCB100DC94AB /* FeedsTableViewController.h */,
				07C27B2715ACCCB100DC94AB /* FeedsTableViewController.m */,
				07E55A8A15BAB2EA002AEAD1 /* NavigationViewController1.m */,
				07E55A8415BAB133002AEAD1 /* NavigationViewController2.m */,
				07E55A8715BAB250002AEAD1 /* NavigationViewController3.m */,
				071C3B7115AD5D2F00E103A7 /* FeedsTableViewController1.m */,
				071C3B6E15AD5CDC00E103A7 /* FeedsTableViewController2.m */,
				071C3B7415AD5D5E00E103A7 /* FeedsTableViewController3.m */,
				0790B35C15AD2E8C00E65245 /* SettingViewController.h */,
				0790B35D15AD2E8C00E65245 /* SettingViewController.m */,
				07C27B2A15ACFEE700DC94AB /* WebViewController.h */,
				07C27B2B15ACFEE700DC94AB /* WebViewController.m */,
				07C27AF815ACCB3800DC94AB /* Supporting Files */,
			);
			path = TechMovie;
			sourceTree = "<group>";
		};
		07C27AF815ACCB3800DC94AB /* Supporting Files */ = {
			isa = PBXGroup;
			children = (
				07CAF5DF15D7D4BB00C3DFFE /* noImage2@2x.png */,
				07CAF5E015D7D4BB00C3DFFE /* noImage2.png */,
				07F9FBEE15C5062C0050014A /* noImage@2x.png */,
				07F9FBEC15C506200050014A /* noImage.png */,
				07AF759615BD1DC600B6EF3E /* loading3.gif */,
				078864A815B96D2300FF98A5 /* Default-Landscape@2x~ipad.png */,
				078864A615B96D2000FF98A5 /* Default-Landscape~ipad.png */,
				078864A415B96D0A00FF98A5 /* Default-Portrait@2x~ipad.png */,
				078864A215B96D0600FF98A5 /* Default-Portrait~ipad.png */,
				078864A015B96CFD00FF98A5 /* 120717-AppIcon144x144.png */,
				0788649E15B96CF700FF98A5 /* 120717-AppIcon72x72.png */,
				0788649C15B96CF000FF98A5 /* Default@2x.png */,
				0788649915B96CEC00FF98A5 /* Default.png */,
				07F15C8E15B654E900836BD5 /* 120717-AppIcon57x57.png */,
				07F15C8F15B654E900836BD5 /* 120717-AppIcon114x114.png */,
				072AFFEA15B666E900EB5AAC /* 120717-TabIconFire.png */,
				072AFFEB15B666E900EB5AAC /* 120717-TabIconFire@2x.png */,
				072AFFEE15B668A200EB5AAC /* 120717-TabIconHeart.png */,
				072AFFEF15B668A200EB5AAC /* 120717-TabIconHeart@2x.png */,
				072AFFF015B668A200EB5AAC /* 120717-TabIconRiver.png */,
				072AFFF115B668A200EB5AAC /* 120717-TabIconRiver@2x.png */,
				07C27AF915ACCB3800DC94AB /* TechMovie-Info.plist */,
				07C27AFA15ACCB3800DC94AB /* InfoPlist.strings */,
				07957F3415C8261C00C5D33F /* main.m */,
				07C27AFF15ACCB3800DC94AB /* TechMovie-Prefix.pch */,
			);
			name = "Supporting Files";
			sourceTree = "<group>";
		};
		07C27B2915ACF35800DC94AB /* OldSources */ = {
			isa = PBXGroup;
			children = (
				07C27B1A15ACCBDD00DC94AB /* RSSEntry.h */,
				07C27B1B15ACCBDD00DC94AB /* RSSEntry.m */,
				07C27B1C15ACCBDD00DC94AB /* RSSParser.h */,
				07C27B1D15ACCBDD00DC94AB /* RSSParser.m */,
			);
			name = OldSources;
			sourceTree = "<group>";
		};
/* End PBXGroup section */

/* Begin PBXNativeTarget section */
		07C27AEC15ACCB3800DC94AB /* TechMovie */ = {
			isa = PBXNativeTarget;
			buildConfigurationList = 07C27B0B15ACCB3800DC94AB /* Build configuration list for PBXNativeTarget "TechMovie" */;
			buildPhases = (
				07C27AE915ACCB3800DC94AB /* Sources */,
				07C27AEA15ACCB3800DC94AB /* Frameworks */,
				07C27AEB15ACCB3800DC94AB /* Resources */,
			);
			buildRules = (
			);
			dependencies = (
			);
			name = TechMovie;
			productName = TechMovie;
			productReference = 07C27AED15ACCB3800DC94AB /* TechMovie.app */;
			productType = "com.apple.product-type.application";
		};
/* End PBXNativeTarget section */

/* Begin PBXProject section */
		07C27AE415ACCB3800DC94AB /* Project object */ = {
			isa = PBXProject;
			attributes = {
				LastUpgradeCheck = 0430;
			};
			buildConfigurationList = 07C27AE715ACCB3800DC94AB /* Build configuration list for PBXProject "TechMovie" */;
			compatibilityVersion = "Xcode 3.2";
			developmentRegion = English;
			hasScannedForEncodings = 0;
			knownRegions = (
				en,
				ja,
			);
			mainGroup = 07C27AE215ACCB3800DC94AB;
			productRefGroup = 07C27AEE15ACCB3800DC94AB /* Products */;
			projectDirPath = "";
			projectRoot = "";
			targets = (
				07C27AEC15ACCB3800DC94AB /* TechMovie */,
			);
		};
/* End PBXProject section */

/* Begin PBXResourcesBuildPhase section */
		07C27AEB15ACCB3800DC94AB /* Resources */ = {
			isa = PBXResourcesBuildPhase;
			buildActionMask = 2147483647;
			files = (
				07C27AFC15ACCB3800DC94AB /* InfoPlist.strings in Resources */,
				07C27B0515ACCB3800DC94AB /* MainStoryboard.storyboard in Resources */,
				07F15C9015B654E900836BD5 /* 120717-AppIcon57x57.png in Resources */,
				07F15C9115B654E900836BD5 /* 120717-AppIcon114x114.png in Resources */,
				072AFFEC15B666E900EB5AAC /* 120717-TabIconFire.png in Resources */,
				072AFFED15B666E900EB5AAC /* 120717-TabIconFire@2x.png in Resources */,
				072AFFF215B668A200EB5AAC /* 120717-TabIconHeart.png in Resources */,
				072AFFF315B668A200EB5AAC /* 120717-TabIconHeart@2x.png in Resources */,
				072AFFF415B668A200EB5AAC /* 120717-TabIconRiver.png in Resources */,
				072AFFF515B668A200EB5AAC /* 120717-TabIconRiver@2x.png in Resources */,
				0788649A15B96CEC00FF98A5 /* Default.png in Resources */,
				0788649D15B96CF000FF98A5 /* Default@2x.png in Resources */,
				0788649F15B96CF700FF98A5 /* 120717-AppIcon72x72.png in Resources */,
				078864A115B96CFD00FF98A5 /* 120717-AppIcon144x144.png in Resources */,
				078864A315B96D0600FF98A5 /* Default-Portrait~ipad.png in Resources */,
				078864A515B96D0A00FF98A5 /* Default-Portrait@2x~ipad.png in Resources */,
				078864A715B96D2000FF98A5 /* Default-Landscape~ipad.png in Resources */,
				078864A915B96D2300FF98A5 /* Default-Landscape@2x~ipad.png in Resources */,
				07AF759715BD1DC600B6EF3E /* loading3.gif in Resources */,
				07F9FBED15C506200050014A /* noImage.png in Resources */,
				07F9FBEF15C5062C0050014A /* noImage@2x.png in Resources */,
				07CAF5E115D7D4BB00C3DFFE /* noImage2@2x.png in Resources */,
				07CAF5E215D7D4BB00C3DFFE /* noImage2.png in Resources */,
			);
			runOnlyForDeploymentPostprocessing = 0;
		};
/* End PBXResourcesBuildPhase section */

/* Begin PBXSourcesBuildPhase section */
		07C27AE915ACCB3800DC94AB /* Sources */ = {
			isa = PBXSourcesBuildPhase;
			buildActionMask = 2147483647;
			files = (
				07957F3215C8261C00C5D33F /* main.m in Sources */,
				07C27B0215ACCB3800DC94AB /* AppDelegate.m in Sources */,
				07C27B2215ACCBDD00DC94AB /* RSSEntry.m in Sources */,
				07C27B2315ACCBDD00DC94AB /* RSSParser.m in Sources */,
				07C27B2815ACCCB100DC94AB /* FeedsTableViewController.m in Sources */,
				07C27B2C15ACFEE700DC94AB /* WebViewController.m in Sources */,
				0790B35E15AD2E8C00E65245 /* SettingViewController.m in Sources */,
				071C3B6F15AD5CDC00E103A7 /* FeedsTableViewController2.m in Sources */,
				071C3B7215AD5D2F00E103A7 /* FeedsTableViewController1.m in Sources */,
				071C3B7515AD5D5E00E103A7 /* FeedsTableViewController3.m in Sources */,
				07E55A8515BAB133002AEAD1 /* NavigationViewController2.m in Sources */,
				07E55A8815BAB250002AEAD1 /* NavigationViewController3.m in Sources */,
				07E55A8B15BAB2EA002AEAD1 /* NavigationViewController1.m in Sources */,
				07AF758A15BD142100B6EF3E /* AFHTTPClient.m in Sources */,
				07AF758B15BD142100B6EF3E /* AFHTTPRequestOperation.m in Sources */,
				07AF758C15BD142100B6EF3E /* AFImageRequestOperation.m in Sources */,
				07AF758D15BD142100B6EF3E /* AFJSONRequestOperation.m in Sources */,
				07AF758E15BD142100B6EF3E /* AFJSONUtilities.m in Sources */,
				07AF758F15BD142100B6EF3E /* AFNetworkActivityIndicatorManager.m in Sources */,
				07AF759015BD142100B6EF3E /* AFPropertyListRequestOperation.m in Sources */,
				07AF759115BD142100B6EF3E /* AFURLConnectionOperation.m in Sources */,
				07AF759215BD142100B6EF3E /* AFXMLRequestOperation.m in Sources */,
				07AF759315BD142100B6EF3E /* UIImageView+AFNetworking.m in Sources */,
				07DFEEFC15C6789F00505832 /* UIImage+GIF.m in Sources */,
				0797E36515C9097400DA3AFD /* NSString+Encode.m in Sources */,
				0797E37115C9136F00DA3AFD /* UIImage+OgImage.m in Sources */,
				0797E37C15C91AEF00DA3AFD /* NSURL+OgImage.m in Sources */,
				07044FD215D4FC0400BD39A0 /* NSString+URLEncode.m in Sources */,
			);
			runOnlyForDeploymentPostprocessing = 0;
		};
/* End PBXSourcesBuildPhase section */

/* Begin PBXVariantGroup section */
		07957F3415C8261C00C5D33F /* main.m */ = {
			isa = PBXVariantGroup;
			children = (
				07957F3315C8261C00C5D33F /* en */,
			);
			name = main.m;
			sourceTree = "<group>";
		};
		07C27AFA15ACCB3800DC94AB /* InfoPlist.strings */ = {
			isa = PBXVariantGroup;
			children = (
				07771DBF15B966EE0040B0C1 /* ja */,
			);
			name = InfoPlist.strings;
			sourceTree = "<group>";
		};
		07C27B0315ACCB3800DC94AB /* MainStoryboard.storyboard */ = {
			isa = PBXVariantGroup;
			children = (
				07F9FC0415C662500050014A /* en */,
				07EF0F4415CD090A009E64D8 /* ja */,
			);
			name = MainStoryboard.storyboard;
			sourceTree = "<group>";
		};
/* End PBXVariantGroup section */

/* Begin XCBuildConfiguration section */
		07C27B0915ACCB3800DC94AB /* Debug */ = {
			isa = XCBuildConfiguration;
			buildSettings = {
				ALWAYS_SEARCH_USER_PATHS = NO;
				ARCHS = "$(ARCHS_STANDARD_32_BIT)";
				CLANG_ENABLE_OBJC_ARC = YES;
				"CODE_SIGN_IDENTITY[sdk=iphoneos*]" = "iPhone Developer";
				COPY_PHASE_STRIP = NO;
				GCC_C_LANGUAGE_STANDARD = gnu99;
				GCC_DYNAMIC_NO_PIC = NO;
				GCC_OPTIMIZATION_LEVEL = 0;
				GCC_PREPROCESSOR_DEFINITIONS = (
					"DEBUG=1",
					"$(inherited)",
				);
				GCC_SYMBOLS_PRIVATE_EXTERN = NO;
				GCC_VERSION = com.apple.compilers.llvm.clang.1_0;
				GCC_WARN_ABOUT_RETURN_TYPE = YES;
				GCC_WARN_UNINITIALIZED_AUTOS = YES;
				GCC_WARN_UNUSED_VARIABLE = YES;
				HEADER_SEARCH_PATHS = "";
				IPHONEOS_DEPLOYMENT_TARGET = 5.1;
				SDKROOT = iphoneos;
			};
			name = Debug;
		};
		07C27B0A15ACCB3800DC94AB /* Release */ = {
			isa = XCBuildConfiguration;
			buildSettings = {
				ALWAYS_SEARCH_USER_PATHS = NO;
				ARCHS = "$(ARCHS_STANDARD_32_BIT)";
				CLANG_ENABLE_OBJC_ARC = YES;
				"CODE_SIGN_IDENTITY[sdk=iphoneos*]" = "iPhone Developer";
				COPY_PHASE_STRIP = YES;
				GCC_C_LANGUAGE_STANDARD = gnu99;
				GCC_VERSION = com.apple.compilers.llvm.clang.1_0;
				GCC_WARN_ABOUT_RETURN_TYPE = YES;
				GCC_WARN_UNINITIALIZED_AUTOS = YES;
				GCC_WARN_UNUSED_VARIABLE = YES;
				HEADER_SEARCH_PATHS = "";
				IPHONEOS_DEPLOYMENT_TARGET = 5.1;
				OTHER_CFLAGS = "-DNS_BLOCK_ASSERTIONS=1";
				SDKROOT = iphoneos;
				VALIDATE_PRODUCT = YES;
			};
			name = Release;
		};
		07C27B0C15ACCB3800DC94AB /* Debug */ = {
			isa = XCBuildConfiguration;
			buildSettings = {
				GCC_PRECOMPILE_PREFIX_HEADER = YES;
				GCC_PREFIX_HEADER = "TechMovie/TechMovie-Prefix.pch";
				INFOPLIST_FILE = "TechMovie/TechMovie-Info.plist";
				IPHONEOS_DEPLOYMENT_TARGET = 5.0;
				PRODUCT_NAME = "$(TARGET_NAME)";
				TARGETED_DEVICE_FAMILY = "1,2";
				WRAPPER_EXTENSION = app;
			};
			name = Debug;
		};
		07C27B0D15ACCB3800DC94AB /* Release */ = {
			isa = XCBuildConfiguration;
			buildSettings = {
				GCC_PRECOMPILE_PREFIX_HEADER = YES;
				GCC_PREFIX_HEADER = "TechMovie/TechMovie-Prefix.pch";
				INFOPLIST_FILE = "TechMovie/TechMovie-Info.plist";
				IPHONEOS_DEPLOYMENT_TARGET = 5.0;
				PRODUCT_NAME = "$(TARGET_NAME)";
				TARGETED_DEVICE_FAMILY = "1,2";
				WRAPPER_EXTENSION = app;
			};
			name = Release;
		};
/* End XCBuildConfiguration section */

/* Begin XCConfigurationList section */
		07C27AE715ACCB3800DC94AB /* Build configuration list for PBXProject "TechMovie" */ = {
			isa = XCConfigurationList;
			buildConfigurations = (
				07C27B0915ACCB3800DC94AB /* Debug */,
				07C27B0A15ACCB3800DC94AB /* Release */,
			);
			defaultConfigurationIsVisible = 0;
			defaultConfigurationName = Release;
		};
		07C27B0B15ACCB3800DC94AB /* Build configuration list for PBXNativeTarget "TechMovie" */ = {
			isa = XCConfigurationList;
			buildConfigurations = (
				07C27B0C15ACCB3800DC94AB /* Debug */,
				07C27B0D15ACCB3800DC94AB /* Release */,
			);
			defaultConfigurationIsVisible = 0;
			defaultConfigurationName = Release;
		};
/* End XCConfigurationList section */
	};
	rootObject = 07C27AE415ACCB3800DC94AB /* Project object */;
}
